{
  "nodes": {
    "caelestia-cli": {
      "inputs": {
        "caelestia-shell": [
          "caelestia-shell"
        ],
        "nixpkgs": [
          "caelestia-shell",
          "nixpkgs"
        ]
      },
      "locked": {
        "lastModified": 1760147156,
        "narHash": "sha256-ad+1gnp7Lm7jVSzqvGjMiwnA0P61dFZmp6HcRMXicWY=",
        "owner": "caelestia-dots",
        "repo": "cli",
        "rev": "e9668d58f51e935094e50090b99301df8344f590",
        "type": "github"
      },
      "original": {
        "owner": "caelestia-dots",
        "repo": "cli",
        "type": "github"
      }
    },
    "caelestia-shell": {
      "inputs": {
        "caelestia-cli": "caelestia-cli",
        "nixpkgs": [
          "nixpkgs"
        ],
        "quickshell": "quickshell"
      },
      "locked": {
        "lastModified": 1760497394,
        "narHash": "sha256-/4Hf/irgPh+gRQAcCNjXyXFcUGOrXMX8+OtOwbscbXk=",
        "owner": "caelestia-dots",
        "repo": "shell",
        "rev": "4cb1048fdd6fa281baa0efa36c8c82ddd2cc43a3",
        "type": "github"
      },
      "original": {
        "owner": "caelestia-dots",
        "repo": "shell",
        "type": "github"
      }
    },
    "nixpkgs": {
      "locked": {
        "lastModified": 1760284886,
        "narHash": "sha256-TK9Kr0BYBQ/1P5kAsnNQhmWWKgmZXwUQr4ZMjCzWf2c=",
        "owner": "NixOS",
        "repo": "nixpkgs",
        "rev": "cf3f5c4def3c7b5f1fc012b3d839575dbe552d43",
        "type": "github"
      },
      "original": {
        "owner": "NixOS",
        "ref": "nixos-unstable",
        "repo": "nixpkgs",
        "type": "github"
      }
    },
    "quickshell": {
      "inputs": {
        "nixpkgs": [
          "caelestia-shell",
          "nixpkgs"
        ]
      },
      "locked": {
        "lastModified": 1760228179,
        "narHash": "sha256-4Z6k7lv3Zcgk3K+4h60LpqB9wCkR+utkYERU735U068=",
        "ref": "refs/heads/master",
        "rev": "c9d3ffb6043c5bf3f3009202bad7e0e5132c4a25",
        "revCount": 693,
        "type": "git",
        "url": "https://git.outfoxxed.me/outfoxxed/quickshell"
      },
      "original": {
        "type": "git",
        "url": "https://git.outfoxxed.me/outfoxxed/quickshell"
      }
    },
    "root": {
      "inputs": {
        "caelestia-shell": "caelestia-shell",
        "nixpkgs": "nixpkgs"
      }
    }
  },
  "root": "root",
  "version": 7
}
