{
  "nodes": {
    "caelestia-cli": {
      "inputs": {
        "caelestia-shell": [
          "caelestia-shell"
        ],
        "nixpkgs": [
          "caelestia-shell",
          "nixpkgs"
        ]
      },
      "locked": {
        "lastModified": 1757772762,
        "narHash": "sha256-7m4hqYSgRe68lkzHFLb1GN5gQac4X4akKfKgFvhj/34=",
        "owner": "caelestia-dots",
        "repo": "cli",
        "rev": "62e7911864ce6ec8a0b371735cf640d81821100e",
        "type": "github"
      },
      "original": {
        "owner": "caelestia-dots",
        "repo": "cli",
        "type": "github"
      }
    },
    "caelestia-shell": {
      "inputs": {
        "caelestia-cli": "caelestia-cli",
        "nixpkgs": [
          "nixpkgs"
        ],
        "quickshell": "quickshell"
      },
      "locked": {
        "lastModified": 1758290768,
        "narHash": "sha256-sdbPxGA63eaa8TLq1vIFVOLDyuhqGFa+dHXQoGAEBig=",
        "owner": "caelestia-dots",
        "repo": "shell",
        "rev": "c6b91f12999ab9e9fb3aba950d50d504020b37d9",
        "type": "github"
      },
      "original": {
        "owner": "caelestia-dots",
        "repo": "shell",
        "type": "github"
      }
    },
    "nixpkgs": {
      "locked": {
        "lastModified": 1758312795,
        "narHash": "sha256-iyffZ5oF+XAbN9TTQKZFQAPwWgwrnzt/IrucNQ6cLYY=",
        "owner": "NixOS",
        "repo": "nixpkgs",
        "rev": "3d8945a32caecc387e63731156895b08cb9e1348",
        "type": "github"
      },
      "original": {
        "owner": "NixOS",
        "repo": "nixpkgs",
        "type": "github"
      }
    },
    "quickshell": {
      "inputs": {
        "nixpkgs": [
          "caelestia-shell",
          "nixpkgs"
        ]
      },
      "locked": {
        "lastModified": 1756981260,
        "narHash": "sha256-GhuD9QVimjynHI0OOyZsqJsnlXr2orowh9H+HYz4YMs=",
        "ref": "refs/heads/master",
        "rev": "6eb12551baf924f8fdecdd04113863a754259c34",
        "revCount": 672,
        "type": "git",
        "url": "https://git.outfoxxed.me/outfoxxed/quickshell"
      },
      "original": {
        "type": "git",
        "url": "https://git.outfoxxed.me/outfoxxed/quickshell"
      }
    },
    "root": {
      "inputs": {
        "caelestia-shell": "caelestia-shell",
        "nixpkgs": "nixpkgs"
      }
    }
  },
  "root": "root",
  "version": 7
}
